
Microsoft Visual Studio Solution File, Format Version 12.00
# Visual Studio 14
VisualStudioVersion = 14.0.25420.1
MinimumVisualStudioVersion = 10.0.40219.1
Project("{FAE04EC0-301F-11D3-BF4B-00C04F79EFBC}") = "FriendsList", "FriendsList\FriendsList\FriendsList.csproj", "{F46730B4-B4B7-46E2-B44F-80FAEB91C8D8}"
EndProject
Project("{FAE04EC0-301F-11D3-BF4B-00C04F79EFBC}") = "FriendsList.Droid", "FriendsList\FriendsList.Droid\FriendsList.Droid.csproj", "{69378375-E14E-4CF2-A865-D064216169BE}"
EndProject
Project("{FAE04EC0-301F-11D3-BF4B-00C04F79EFBC}") = "FriendsList.iOS", "FriendsList\FriendsList.iOS\FriendsList.iOS.csproj", "{A2EF5468-91D5-4A3D-958C-B2423249D42E}"
EndProject
Global
	GlobalSection(SolutionConfigurationPlatforms) = preSolution
		Ad-Hoc|Any CPU = Ad-Hoc|Any CPU
		Ad-Hoc|iPhone = Ad-Hoc|iPhone
		Ad-Hoc|iPhoneSimulator = Ad-Hoc|iPhoneSimulator
		AppStore|Any CPU = AppStore|Any CPU
		AppStore|iPhone = AppStore|iPhone
		AppStore|iPhoneSimulator = AppStore|iPhoneSimulator
		Debug|Any CPU = Debug|Any CPU
		Debug|iPhone = Debug|iPhone
		Debug|iPhoneSimulator = Debug|iPhoneSimulator
		Release|Any CPU = Release|Any CPU
		Release|iPhone = Release|iPhone
		Release|iPhoneSimulator = Release|iPhoneSimulator
	EndGlobalSection
	GlobalSection(ProjectConfigurationPlatforms) = postSolution
		{F46730B4-B4B7-46E2-B44F-80FAEB91C8D8}.Ad-Hoc|Any CPU.ActiveCfg = Release|Any CPU
		{F46730B4-B4B7-46E2-B44F-80FAEB91C8D8}.Ad-Hoc|Any CPU.Build.0 = Release|Any CPU
		{F46730B4-B4B7-46E2-B44F-80FAEB91C8D8}.Ad-Hoc|iPhone.ActiveCfg = Release|Any CPU
		{F46730B4-B4B7-46E2-B44F-80FAEB91C8D8}.Ad-Hoc|iPhone.Build.0 = Release|Any CPU
		{F46730B4-B4B7-46E2-B44F-80FAEB91C8D8}.Ad-Hoc|iPhoneSimulator.ActiveCfg = Release|Any CPU
		{F46730B4-B4B7-46E2-B44F-80FAEB91C8D8}.Ad-Hoc|iPhoneSimulator.Build.0 = Release|Any CPU
		{F46730B4-B4B7-46E2-B44F-80FAEB91C8D8}.AppStore|Any CPU.ActiveCfg = Release|Any CPU
		{F46730B4-B4B7-46E2-B44F-80FAEB91C8D8}.AppStore|Any CPU.Build.0 = Release|Any CPU
		{F46730B4-B4B7-46E2-B44F-80FAEB91C8D8}.AppStore|iPhone.ActiveCfg = Release|Any CPU
		{F46730B4-B4B7-46E2-B44F-80FAEB91C8D8}.AppStore|iPhone.Build.0 = Release|Any CPU
		{F46730B4-B4B7-46E2-B44F-80FAEB91C8D8}.AppStore|iPhoneSimulator.ActiveCfg = Release|Any CPU
		{F46730B4-B4B7-46E2-B44F-80FAEB91C8D8}.AppStore|iPhoneSimulator.Build.0 = Release|Any CPU
		{F46730B4-B4B7-46E2-B44F-80FAEB91C8D8}.Debug|Any CPU.ActiveCfg = Debug|Any CPU
		{F46730B4-B4B7-46E2-B44F-80FAEB91C8D8}.Debug|Any CPU.Build.0 = Debug|Any CPU
		{F46730B4-B4B7-46E2-B44F-80FAEB91C8D8}.Debug|iPhone.ActiveCfg = Debug|Any CPU
		{F46730B4-B4B7-46E2-B44F-80FAEB91C8D8}.Debug|iPhone.Build.0 = Debug|Any CPU
		{F46730B4-B4B7-46E2-B44F-80FAEB91C8D8}.Debug|iPhoneSimulator.ActiveCfg = Debug|Any CPU
		{F46730B4-B4B7-46E2-B44F-80FAEB91C8D8}.Debug|iPhoneSimulator.Build.0 = Debug|Any CPU
		{F46730B4-B4B7-46E2-B44F-80FAEB91C8D8}.Release|Any CPU.ActiveCfg = Release|Any CPU
		{F46730B4-B4B7-46E2-B44F-80FAEB91C8D8}.Release|Any CPU.Build.0 = Release|Any CPU
		{F46730B4-B4B7-46E2-B44F-80FAEB91C8D8}.Release|iPhone.ActiveCfg = Release|Any CPU
		{F46730B4-B4B7-46E2-B44F-80FAEB91C8D8}.Release|iPhone.Build.0 = Release|Any CPU
		{F46730B4-B4B7-46E2-B44F-80FAEB91C8D8}.Release|iPhoneSimulator.ActiveCfg = Release|Any CPU
		{F46730B4-B4B7-46E2-B44F-80FAEB91C8D8}.Release|iPhoneSimulator.Build.0 = Release|Any CPU
		{69378375-E14E-4CF2-A865-D064216169BE}.Ad-Hoc|Any CPU.ActiveCfg = Release|Any CPU
		{69378375-E14E-4CF2-A865-D064216169BE}.Ad-Hoc|Any CPU.Build.0 = Release|Any CPU
		{69378375-E14E-4CF2-A865-D064216169BE}.Ad-Hoc|Any CPU.Deploy.0 = Release|Any CPU
		{69378375-E14E-4CF2-A865-D064216169BE}.Ad-Hoc|iPhone.ActiveCfg = Release|Any CPU
		{69378375-E14E-4CF2-A865-D064216169BE}.Ad-Hoc|iPhone.Build.0 = Release|Any CPU
		{69378375-E14E-4CF2-A865-D064216169BE}.Ad-Hoc|iPhone.Deploy.0 = Release|Any CPU
		{69378375-E14E-4CF2-A865-D064216169BE}.Ad-Hoc|iPhoneSimulator.ActiveCfg = Release|Any CPU
		{69378375-E14E-4CF2-A865-D064216169BE}.Ad-Hoc|iPhoneSimulator.Build.0 = Release|Any CPU
		{69378375-E14E-4CF2-A865-D064216169BE}.Ad-Hoc|iPhoneSimulator.Deploy.0 = Release|Any CPU
		{69378375-E14E-4CF2-A865-D064216169BE}.AppStore|Any CPU.ActiveCfg = Release|Any CPU
		{69378375-E14E-4CF2-A865-D064216169BE}.AppStore|Any CPU.Build.0 = Release|Any CPU
		{69378375-E14E-4CF2-A865-D064216169BE}.AppStore|Any CPU.Deploy.0 = Release|Any CPU
		{69378375-E14E-4CF2-A865-D064216169BE}.AppStore|iPhone.ActiveCfg = Release|Any CPU
		{69378375-E14E-4CF2-A865-D064216169BE}.AppStore|iPhone.Build.0 = Release|Any CPU
		{69378375-E14E-4CF2-A865-D064216169BE}.AppStore|iPhone.Deploy.0 = Release|Any CPU
		{69378375-E14E-4CF2-A865-D064216169BE}.AppStore|iPhoneSimulator.ActiveCfg = Release|Any CPU
		{69378375-E14E-4CF2-A865-D064216169BE}.AppStore|iPhoneSimulator.Build.0 = Release|Any CPU
		{69378375-E14E-4CF2-A865-D064216169BE}.AppStore|iPhoneSimulator.Deploy.0 = Release|Any CPU
		{69378375-E14E-4CF2-A865-D064216169BE}.Debug|Any CPU.ActiveCfg = Debug|Any CPU
		{69378375-E14E-4CF2-A865-D064216169BE}.Debug|Any CPU.Build.0 = Debug|Any CPU
		{69378375-E14E-4CF2-A865-D064216169BE}.Debug|Any CPU.Deploy.0 = Debug|Any CPU
		{69378375-E14E-4CF2-A865-D064216169BE}.Debug|iPhone.ActiveCfg = Debug|Any CPU
		{69378375-E14E-4CF2-A865-D064216169BE}.Debug|iPhone.Build.0 = Debug|Any CPU
		{69378375-E14E-4CF2-A865-D064216169BE}.Debug|iPhone.Deploy.0 = Debug|Any CPU
		{69378375-E14E-4CF2-A865-D064216169BE}.Debug|iPhoneSimulator.ActiveCfg = Debug|Any CPU
		{69378375-E14E-4CF2-A865-D064216169BE}.Debug|iPhoneSimulator.Build.0 = Debug|Any CPU
		{69378375-E14E-4CF2-A865-D064216169BE}.Debug|iPhoneSimulator.Deploy.0 = Debug|Any CPU
		{69378375-E14E-4CF2-A865-D064216169BE}.Release|Any CPU.ActiveCfg = Release|Any CPU
		{69378375-E14E-4CF2-A865-D064216169BE}.Release|Any CPU.Build.0 = Release|Any CPU
		{69378375-E14E-4CF2-A865-D064216169BE}.Release|Any CPU.Deploy.0 = Release|Any CPU
		{69378375-E14E-4CF2-A865-D064216169BE}.Release|iPhone.ActiveCfg = Release|Any CPU
		{69378375-E14E-4CF2-A865-D064216169BE}.Release|iPhone.Build.0 = Release|Any CPU
		{69378375-E14E-4CF2-A865-D064216169BE}.Release|iPhone.Deploy.0 = Release|Any CPU
		{69378375-E14E-4CF2-A865-D064216169BE}.Release|iPhoneSimulator.ActiveCfg = Release|Any CPU
		{69378375-E14E-4CF2-A865-D064216169BE}.Release|iPhoneSimulator.Build.0 = Release|Any CPU
		{69378375-E14E-4CF2-A865-D064216169BE}.Release|iPhoneSimulator.Deploy.0 = Release|Any CPU
		{A2EF5468-91D5-4A3D-958C-B2423249D42E}.Ad-Hoc|Any CPU.ActiveCfg = Ad-Hoc|iPhone
		{A2EF5468-91D5-4A3D-958C-B2423249D42E}.Ad-Hoc|iPhone.ActiveCfg = Ad-Hoc|iPhone
		{A2EF5468-91D5-4A3D-958C-B2423249D42E}.Ad-Hoc|iPhone.Build.0 = Ad-Hoc|iPhone
		{A2EF5468-91D5-4A3D-958C-B2423249D42E}.Ad-Hoc|iPhoneSimulator.ActiveCfg = Ad-Hoc|iPhoneSimulator
		{A2EF5468-91D5-4A3D-958C-B2423249D42E}.Ad-Hoc|iPhoneSimulator.Build.0 = Ad-Hoc|iPhoneSimulator
		{A2EF5468-91D5-4A3D-958C-B2423249D42E}.AppStore|Any CPU.ActiveCfg = AppStore|iPhone
		{A2EF5468-91D5-4A3D-958C-B2423249D42E}.AppStore|iPhone.ActiveCfg = AppStore|iPhone
		{A2EF5468-91D5-4A3D-958C-B2423249D42E}.AppStore|iPhone.Build.0 = AppStore|iPhone
		{A2EF5468-91D5-4A3D-958C-B2423249D42E}.AppStore|iPhoneSimulator.ActiveCfg = AppStore|iPhoneSimulator
		{A2EF5468-91D5-4A3D-958C-B2423249D42E}.AppStore|iPhoneSimulator.Build.0 = AppStore|iPhoneSimulator
		{A2EF5468-91D5-4A3D-958C-B2423249D42E}.Debug|Any CPU.ActiveCfg = Debug|iPhone
		{A2EF5468-91D5-4A3D-958C-B2423249D42E}.Debug|iPhone.ActiveCfg = Debug|iPhone
		{A2EF5468-91D5-4A3D-958C-B2423249D42E}.Debug|iPhone.Build.0 = Debug|iPhone
		{A2EF5468-91D5-4A3D-958C-B2423249D42E}.Debug|iPhoneSimulator.ActiveCfg = Debug|iPhoneSimulator
		{A2EF5468-91D5-4A3D-958C-B2423249D42E}.Debug|iPhoneSimulator.Build.0 = Debug|iPhoneSimulator
		{A2EF5468-91D5-4A3D-958C-B2423249D42E}.Release|Any CPU.ActiveCfg = Release|iPhone
		{A2EF5468-91D5-4A3D-958C-B2423249D42E}.Release|iPhone.ActiveCfg = Release|iPhone
		{A2EF5468-91D5-4A3D-958C-B2423249D42E}.Release|iPhone.Build.0 = Release|iPhone
		{A2EF5468-91D5-4A3D-958C-B2423249D42E}.Release|iPhoneSimulator.ActiveCfg = Release|iPhoneSimulator
		{A2EF5468-91D5-4A3D-958C-B2423249D42E}.Release|iPhoneSimulator.Build.0 = Release|iPhoneSimulator
	EndGlobalSection
	GlobalSection(SolutionProperties) = preSolution
		HideSolutionNode = FALSE
	EndGlobalSection
EndGlobal
